{
  "requires": true,
  "lockfileVersion": 1,
  "dependencies": {
    "@vue/devtools-api": {
      "version": "6.1.4",
      "resolved": "https://registry.npmjs.org/@vue/devtools-api/-/devtools-api-6.1.4.tgz",
      "integrity": "sha512-IiA0SvDrJEgXvVxjNkHPFfDx6SXw0b/TUkqMcDZWNg9fnCAHbTpoo59YfJ9QLFkwa3raau5vSlRVzMSLDnfdtQ=="
    },
    "vee-validate": {
      "version": "4.5.11",
      "resolved": "https://registry.npmjs.org/vee-validate/-/vee-validate-4.5.11.tgz",
      "integrity": "sha512-bNF2TtuRnLnPsw6+Q/P3bMx8c2iJbvQmyikTr9r65PLAdqtdhQxnsIS3ayYNIzNWZ50sysv01DteN9h3XT/gFg==",
      "requires": {
        "@vue/devtools-api": "^6.0.0-beta.15"
      }
    }
  }
}
